// !$*UTF8*$!
{
	archiveVersion = 1;
	classes = {
	};
	objectVersion = 48;
	objects = {

/* Begin PBXBuildFile section */
		5D296F541FD3EE2800C816DB /* KOInvoiceInfo.m in Sources */ = {isa = PBXBuildFile; fileRef = 5D296F531FD3EE2800C816DB /* KOInvoiceInfo.m */; };
		5D296F5A1FD3F4A500C816DB /* KOTradingGoods.m in Sources */ = {isa = PBXBuildFile; fileRef = 5D296F591FD3F4A500C816DB /* KOTradingGoods.m */; };
		5D296F5D1FD3FE8500C816DB /* KOInvoicePrompt.m in Sources */ = {isa = PBXBuildFile; fileRef = 5D296F5C1FD3FE8500C816DB /* KOInvoicePrompt.m */; };
		5D296F601FD400EA00C816DB /* KOInvoiceConst.m in Sources */ = {isa = PBXBuildFile; fileRef = 5D296F5F1FD400EA00C816DB /* KOInvoiceConst.m */; };
		5D3425301FE6459D006F690F /* KOInvoiceTableHeaderView.m in Sources */ = {isa = PBXBuildFile; fileRef = 5D34252F1FE6459D006F690F /* KOInvoiceTableHeaderView.m */; };
		5DC18DDE1FD3748300207AE0 /* KOInvoiceDetailCell.m in Sources */ = {isa = PBXBuildFile; fileRef = 5DC18DDD1FD3748300207AE0 /* KOInvoiceDetailCell.m */; };
		5DC18DE11FD374A800207AE0 /* KOInvoicePromptCell.m in Sources */ = {isa = PBXBuildFile; fileRef = 5DC18DE01FD374A800207AE0 /* KOInvoicePromptCell.m */; };
		5DC18DE41FD3752000207AE0 /* KOInvoiceDetailController.m in Sources */ = {isa = PBXBuildFile; fileRef = 5DC18DE31FD3752000207AE0 /* KOInvoiceDetailController.m */; };
		5DDE67201FEBE675002BA8A3 /* KOInvoiceSectionItem.m in Sources */ = {isa = PBXBuildFile; fileRef = 5DDE671F1FEBE675002BA8A3 /* KOInvoiceSectionItem.m */; };
		5DF216941FCF060000521416 /* AppDelegate.m in Sources */ = {isa = PBXBuildFile; fileRef = 5DF216931FCF060000521416 /* AppDelegate.m */; };
		5DF216971FCF060000521416 /* ViewController.m in Sources */ = {isa = PBXBuildFile; fileRef = 5DF216961FCF060000521416 /* ViewController.m */; };
		5DF2169A1FCF060000521416 /* Main.storyboard in Resources */ = {isa = PBXBuildFile; fileRef = 5DF216981FCF060000521416 /* Main.storyboard */; };
		5DF2169C1FCF060000521416 /* Assets.xcassets in Resources */ = {isa = PBXBuildFile; fileRef = 5DF2169B1FCF060000521416 /* Assets.xcassets */; };
		5DF216A21FCF060000521416 /* main.m in Sources */ = {isa = PBXBuildFile; fileRef = 5DF216A11FCF060000521416 /* main.m */; };
		5DF216AC1FCF060000521416 /* KOInvoiceDisplayTests.m in Sources */ = {isa = PBXBuildFile; fileRef = 5DF216AB1FCF060000521416 /* KOInvoiceDisplayTests.m */; };
		5DF216B71FCF060000521416 /* KOInvoiceDisplayUITests.m in Sources */ = {isa = PBXBuildFile; fileRef = 5DF216B61FCF060000521416 /* KOInvoiceDisplayUITests.m */; };
/* End PBXBuildFile section */

/* Begin PBXContainerItemProxy section */
		5DF216A81FCF060000521416 /* PBXContainerItemProxy */ = {
			isa = PBXContainerItemProxy;
			containerPortal = 5DF216871FCF060000521416 /* Project object */;
			proxyType = 1;
			remoteGlobalIDString = 5DF2168E1FCF060000521416;
			remoteInfo = KOInvoiceDisplay;
		};
		5DF216B31FCF060000521416 /* PBXContainerItemProxy */ = {
			isa = PBXContainerItemProxy;
			containerPortal = 5DF216871FCF060000521416 /* Project object */;
			proxyType = 1;
			remoteGlobalIDString = 5DF2168E1FCF060000521416;
			remoteInfo = KOInvoiceDisplay;
		};
/* End PBXContainerItemProxy section */

/* Begin PBXFileReference section */
		5D296F521FD3EE2800C816DB /* KOInvoiceInfo.h */ = {isa = PBXFileReference; lastKnownFileType = sourcecode.c.h; path = KOInvoiceInfo.h; sourceTree = "<group>"; };
		5D296F531FD3EE2800C816DB /* KOInvoiceInfo.m */ = {isa = PBXFileReference; lastKnownFileType = sourcecode.c.objc; path = KOInvoiceInfo.m; sourceTree = "<group>"; };
		5D296F581FD3F4A500C816DB /* KOTradingGoods.h */ = {isa = PBXFileReference; lastKnownFileType = sourcecode.c.h; path = KOTradingGoods.h; sourceTree = "<group>"; };
		5D296F591FD3F4A500C816DB /* KOTradingGoods.m */ = {isa = PBXFileReference; lastKnownFileType = sourcecode.c.objc; path = KOTradingGoods.m; sourceTree = "<group>"; };
		5D296F5B1FD3FE8500C816DB /* KOInvoicePrompt.h */ = {isa = PBXFileReference; lastKnownFileType = sourcecode.c.h; path = KOInvoicePrompt.h; sourceTree = "<group>"; };
		5D296F5C1FD3FE8500C816DB /* KOInvoicePrompt.m */ = {isa = PBXFileReference; lastKnownFileType = sourcecode.c.objc; path = KOInvoicePrompt.m; sourceTree = "<group>"; };
		5D296F5E1FD400EA00C816DB /* KOInvoiceConst.h */ = {isa = PBXFileReference; lastKnownFileType = sourcecode.c.h; path = KOInvoiceConst.h; sourceTree = "<group>"; };
		5D296F5F1FD400EA00C816DB /* KOInvoiceConst.m */ = {isa = PBXFileReference; lastKnownFileType = sourcecode.c.objc; path = KOInvoiceConst.m; sourceTree = "<group>"; };
		5D34252E1FE6459D006F690F /* KOInvoiceTableHeaderView.h */ = {isa = PBXFileReference; lastKnownFileType = sourcecode.c.h; path = KOInvoiceTableHeaderView.h; sourceTree = "<group>"; };
		5D34252F1FE6459D006F690F /* KOInvoiceTableHeaderView.m */ = {isa = PBXFileReference; lastKnownFileType = sourcecode.c.objc; path = KOInvoiceTableHeaderView.m; sourceTree = "<group>"; };
		5DC18DDC1FD3748300207AE0 /* KOInvoiceDetailCell.h */ = {isa = PBXFileReference; lastKnownFileType = sourcecode.c.h; path = KOInvoiceDetailCell.h; sourceTree = "<group>"; };
		5DC18DDD1FD3748300207AE0 /* KOInvoiceDetailCell.m */ = {isa = PBXFileReference; lastKnownFileType = sourcecode.c.objc; path = KOInvoiceDetailCell.m; sourceTree = "<group>"; };
		5DC18DDF1FD374A800207AE0 /* KOInvoicePromptCell.h */ = {isa = PBXFileReference; lastKnownFileType = sourcecode.c.h; path = KOInvoicePromptCell.h; sourceTree = "<group>"; };
		5DC18DE01FD374A800207AE0 /* KOInvoicePromptCell.m */ = {isa = PBXFileReference; lastKnownFileType = sourcecode.c.objc; path = KOInvoicePromptCell.m; sourceTree = "<group>"; };
		5DC18DE21FD3752000207AE0 /* KOInvoiceDetailController.h */ = {isa = PBXFileReference; lastKnownFileType = sourcecode.c.h; path = KOInvoiceDetailController.h; sourceTree = "<group>"; };
		5DC18DE31FD3752000207AE0 /* KOInvoiceDetailController.m */ = {isa = PBXFileReference; lastKnownFileType = sourcecode.c.objc; path = KOInvoiceDetailController.m; sourceTree = "<group>"; };
		5DDE671E1FEBE675002BA8A3 /* KOInvoiceSectionItem.h */ = {isa = PBXFileReference; lastKnownFileType = sourcecode.c.h; path = KOInvoiceSectionItem.h; sourceTree = "<group>"; };
		5DDE671F1FEBE675002BA8A3 /* KOInvoiceSectionItem.m */ = {isa = PBXFileReference; lastKnownFileType = sourcecode.c.objc; path = KOInvoiceSectionItem.m; sourceTree = "<group>"; };
		5DF2168F1FCF060000521416 /* KOInvoiceDisplay.app */ = {isa = PBXFileReference; explicitFileType = wrapper.application; includeInIndex = 0; path = KOInvoiceDisplay.app; sourceTree = BUILT_PRODUCTS_DIR; };
		5DF216921FCF060000521416 /* AppDelegate.h */ = {isa = PBXFileReference; lastKnownFileType = sourcecode.c.h; path = AppDelegate.h; sourceTree = "<group>"; };
		5DF216931FCF060000521416 /* AppDelegate.m */ = {isa = PBXFileReference; lastKnownFileType = sourcecode.c.objc; path = AppDelegate.m; sourceTree = "<group>"; };
		5DF216951FCF060000521416 /* ViewController.h */ = {isa = PBXFileReference; lastKnownFileType = sourcecode.c.h; path = ViewController.h; sourceTree = "<group>"; };
		5DF216961FCF060000521416 /* ViewController.m */ = {isa = PBXFileReference; lastKnownFileType = sourcecode.c.objc; path = ViewController.m; sourceTree = "<group>"; };
		5DF216991FCF060000521416 /* Base */ = {isa = PBXFileReference; lastKnownFileType = file.storyboard; name = Base; path = Base.lproj/Main.storyboard; sourceTree = "<group>"; };
		5DF2169B1FCF060000521416 /* Assets.xcassets */ = {isa = PBXFileReference; lastKnownFileType = folder.assetcatalog; path = Assets.xcassets; sourceTree = "<group>"; };
		5DF216A01FCF060000521416 /* Info.plist */ = {isa = PBXFileReference; lastKnownFileType = text.plist.xml; path = Info.plist; sourceTree = "<group>"; };
		5DF216A11FCF060000521416 /* main.m */ = {isa = PBXFileReference; lastKnownFileType = sourcecode.c.objc; path = main.m; sourceTree = "<group>"; };
		5DF216A71FCF060000521416 /* KOInvoiceDisplayTests.xctest */ = {isa = PBXFileReference; explicitFileType = wrapper.cfbundle; includeInIndex = 0; path = KOInvoiceDisplayTests.xctest; sourceTree = BUILT_PRODUCTS_DIR; };
		5DF216AB1FCF060000521416 /* KOInvoiceDisplayTests.m */ = {isa = PBXFileReference; lastKnownFileType = sourcecode.c.objc; path = KOInvoiceDisplayTests.m; sourceTree = "<group>"; };
		5DF216AD1FCF060000521416 /* Info.plist */ = {isa = PBXFileReference; lastKnownFileType = text.plist.xml; path = Info.plist; sourceTree = "<group>"; };
		5DF216B21FCF060000521416 /* KOInvoiceDisplayUITests.xctest */ = {isa = PBXFileReference; explicitFileType = wrapper.cfbundle; includeInIndex = 0; path = KOInvoiceDisplayUITests.xctest; sourceTree = BUILT_PRODUCTS_DIR; };
		5DF216B61FCF060000521416 /* KOInvoiceDisplayUITests.m */ = {isa = PBXFileReference; lastKnownFileType = sourcecode.c.objc; path = KOInvoiceDisplayUITests.m; sourceTree = "<group>"; };
		5DF216B81FCF060000521416 /* Info.plist */ = {isa = PBXFileReference; lastKnownFileType = text.plist.xml; path = Info.plist; sourceTree = "<group>"; };
/* End PBXFileReference section */

/* Begin PBXFrameworksBuildPhase section */
		5DF2168C1FCF060000521416 /* Frameworks */ = {
			isa = PBXFrameworksBuildPhase;
			buildActionMask = 2147483647;
			files = (
			);
			runOnlyForDeploymentPostprocessing = 0;
		};
		5DF216A41FCF060000521416 /* Frameworks */ = {
			isa = PBXFrameworksBuildPhase;
			buildActionMask = 2147483647;
			files = (
			);
			runOnlyForDeploymentPostprocessing = 0;
		};
		5DF216AF1FCF060000521416 /* Frameworks */ = {
			isa = PBXFrameworksBuildPhase;
			buildActionMask = 2147483647;
			files = (
			);
			runOnlyForDeploymentPostprocessing = 0;
		};
/* End PBXFrameworksBuildPhase section */

/* Begin PBXGroup section */
		5DC18DD91FD3740C00207AE0 /* InvoiceDetail */ = {
			isa = PBXGroup;
			children = (
				5DC18DDB1FD3743100207AE0 /* Model */,
				5DC18DDA1FD3742400207AE0 /* View */,
				5DC18DE21FD3752000207AE0 /* KOInvoiceDetailController.h */,
				5DC18DE31FD3752000207AE0 /* KOInvoiceDetailController.m */,
			);
			path = InvoiceDetail;
			sourceTree = "<group>";
		};
		5DC18DDA1FD3742400207AE0 /* View */ = {
			isa = PBXGroup;
			children = (
				5DC18DDC1FD3748300207AE0 /* KOInvoiceDetailCell.h */,
				5DC18DDD1FD3748300207AE0 /* KOInvoiceDetailCell.m */,
				5DC18DDF1FD374A800207AE0 /* KOInvoicePromptCell.h */,
				5DC18DE01FD374A800207AE0 /* KOInvoicePromptCell.m */,
				5D34252E1FE6459D006F690F /* KOInvoiceTableHeaderView.h */,
				5D34252F1FE6459D006F690F /* KOInvoiceTableHeaderView.m */,
			);
			path = View;
			sourceTree = "<group>";
		};
		5DC18DDB1FD3743100207AE0 /* Model */ = {
			isa = PBXGroup;
			children = (
				5D296F521FD3EE2800C816DB /* KOInvoiceInfo.h */,
				5D296F531FD3EE2800C816DB /* KOInvoiceInfo.m */,
				5D296F581FD3F4A500C816DB /* KOTradingGoods.h */,
				5D296F591FD3F4A500C816DB /* KOTradingGoods.m */,
				5D296F5B1FD3FE8500C816DB /* KOInvoicePrompt.h */,
				5D296F5C1FD3FE8500C816DB /* KOInvoicePrompt.m */,
				5D296F5E1FD400EA00C816DB /* KOInvoiceConst.h */,
				5D296F5F1FD400EA00C816DB /* KOInvoiceConst.m */,
				5DDE671E1FEBE675002BA8A3 /* KOInvoiceSectionItem.h */,
				5DDE671F1FEBE675002BA8A3 /* KOInvoiceSectionItem.m */,
			);
			path = Model;
			sourceTree = "<group>";
		};
		5DCD8DAA1FD03CF5006DBE35 /* Supporting Files */ = {
			isa = PBXGroup;
			children = (
				5DF216A01FCF060000521416 /* Info.plist */,
				5DF216A11FCF060000521416 /* main.m */,
			);
			name = "Supporting Files";
			sourceTree = "<group>";
		};
		5DF216861FCF060000521416 = {
			isa = PBXGroup;
			children = (
				5DF216911FCF060000521416 /* KOInvoiceDisplay */,
				5DF216AA1FCF060000521416 /* KOInvoiceDisplayTests */,
				5DF216B51FCF060000521416 /* KOInvoiceDisplayUITests */,
				5DF216901FCF060000521416 /* Products */,
			);
			sourceTree = "<group>";
		};
		5DF216901FCF060000521416 /* Products */ = {
			isa = PBXGroup;
			children = (
				5DF2168F1FCF060000521416 /* KOInvoiceDisplay.app */,
				5DF216A71FCF060000521416 /* KOInvoiceDisplayTests.xctest */,
				5DF216B21FCF060000521416 /* KOInvoiceDisplayUITests.xctest */,
			);
			name = Products;
			sourceTree = "<group>";
		};
		5DF216911FCF060000521416 /* KOInvoiceDisplay */ = {
			isa = PBXGroup;
			children = (
				5DC18DD91FD3740C00207AE0 /* InvoiceDetail */,
				5DF216921FCF060000521416 /* AppDelegate.h */,
				5DF216931FCF060000521416 /* AppDelegate.m */,
				5DF2169B1FCF060000521416 /* Assets.xcassets */,
				5DF216981FCF060000521416 /* Main.storyboard */,
				5DCD8DAA1FD03CF5006DBE35 /* Supporting Files */,
				5DF216951FCF060000521416 /* ViewController.h */,
				5DF216961FCF060000521416 /* ViewController.m */,
			);
			path = KOInvoiceDisplay;
			sourceTree = "<group>";
		};
		5DF216AA1FCF060000521416 /* KOInvoiceDisplayTests */ = {
			isa = PBXGroup;
			children = (
				5DF216AB1FCF060000521416 /* KOInvoiceDisplayTests.m */,
				5DF216AD1FCF060000521416 /* Info.plist */,
			);
			path = KOInvoiceDisplayTests;
			sourceTree = "<group>";
		};
		5DF216B51FCF060000521416 /* KOInvoiceDisplayUITests */ = {
			isa = PBXGroup;
			children = (
				5DF216B61FCF060000521416 /* KOInvoiceDisplayUITests.m */,
				5DF216B81FCF060000521416 /* Info.plist */,
			);
			path = KOInvoiceDisplayUITests;
			sourceTree = "<group>";
		};
/* End PBXGroup section */

/* Begin PBXNativeTarget section */
		5DF2168E1FCF060000521416 /* KOInvoiceDisplay */ = {
			isa = PBXNativeTarget;
			buildConfigurationList = 5DF216BB1FCF060000521416 /* Build configuration list for PBXNativeTarget "KOInvoiceDisplay" */;
			buildPhases = (
				5DF2168B1FCF060000521416 /* Sources */,
				5DF2168C1FCF060000521416 /* Frameworks */,
				5DF2168D1FCF060000521416 /* Resources */,
			);
			buildRules = (
			);
			dependencies = (
			);
			name = KOInvoiceDisplay;
			productName = KOInvoiceDisplay;
			productReference = 5DF2168F1FCF060000521416 /* KOInvoiceDisplay.app */;
			productType = "com.apple.product-type.application";
		};
		5DF216A61FCF060000521416 /* KOInvoiceDisplayTests */ = {
			isa = PBXNativeTarget;
			buildConfigurationList = 5DF216BE1FCF060000521416 /* Build configuration list for PBXNativeTarget "KOInvoiceDisplayTests" */;
			buildPhases = (
				5DF216A31FCF060000521416 /* Sources */,
				5DF216A41FCF060000521416 /* Frameworks */,
				5DF216A51FCF060000521416 /* Resources */,
			);
			buildRules = (
			);
			dependencies = (
				5DF216A91FCF060000521416 /* PBXTargetDependency */,
			);
			name = KOInvoiceDisplayTests;
			productName = KOInvoiceDisplayTests;
			productReference = 5DF216A71FCF060000521416 /* KOInvoiceDisplayTests.xctest */;
			productType = "com.apple.product-type.bundle.unit-test";
		};
		5DF216B11FCF060000521416 /* KOInvoiceDisplayUITests */ = {
			isa = PBXNativeTarget;
			buildConfigurationList = 5DF216C11FCF060000521416 /* Build configuration list for PBXNativeTarget "KOInvoiceDisplayUITests" */;
			buildPhases = (
				5DF216AE1FCF060000521416 /* Sources */,
				5DF216AF1FCF060000521416 /* Frameworks */,
				5DF216B01FCF060000521416 /* Resources */,
			);
			buildRules = (
			);
			dependencies = (
				5DF216B41FCF060000521416 /* PBXTargetDependency */,
			);
			name = KOInvoiceDisplayUITests;
			productName = KOInvoiceDisplayUITests;
			productReference = 5DF216B21FCF060000521416 /* KOInvoiceDisplayUITests.xctest */;
			productType = "com.apple.product-type.bundle.ui-testing";
		};
/* End PBXNativeTarget section */

/* Begin PBXProject section */
		5DF216871FCF060000521416 /* Project object */ = {
			isa = PBXProject;
			attributes = {
				LastUpgradeCheck = 0910;
				ORGANIZATIONNAME = Korune;
				TargetAttributes = {
					5DF2168E1FCF060000521416 = {
						CreatedOnToolsVersion = 9.1;
						ProvisioningStyle = Automatic;
					};
					5DF216A61FCF060000521416 = {
						CreatedOnToolsVersion = 9.1;
						ProvisioningStyle = Automatic;
						TestTargetID = 5DF2168E1FCF060000521416;
					};
					5DF216B11FCF060000521416 = {
						CreatedOnToolsVersion = 9.1;
						ProvisioningStyle = Automatic;
						TestTargetID = 5DF2168E1FCF060000521416;
					};
				};
			};
			buildConfigurationList = 5DF2168A1FCF060000521416 /* Build configuration list for PBXProject "KOInvoiceDisplay" */;
			compatibilityVersion = "Xcode 8.0";
			developmentRegion = en;
			hasScannedForEncodings = 0;
			knownRegions = (
				en,
				Base,
			);
			mainGroup = 5DF216861FCF060000521416;
			productRefGroup = 5DF216901FCF060000521416 /* Products */;
			projectDirPath = "";
			projectRoot = "";
			targets = (
				5DF2168E1FCF060000521416 /* KOInvoiceDisplay */,
				5DF216A61FCF060000521416 /* KOInvoiceDisplayTests */,
				5DF216B11FCF060000521416 /* KOInvoiceDisplayUITests */,
			);
		};
/* End PBXProject section */

/* Begin PBXResourcesBuildPhase section */
		5DF2168D1FCF060000521416 /* Resources */ = {
			isa = PBXResourcesBuildPhase;
			buildActionMask = 2147483647;
			files = (
				5DF2169C1FCF060000521416 /* Assets.xcassets in Resources */,
				5DF2169A1FCF060000521416 /* Main.storyboard in Resources */,
			);
			runOnlyForDeploymentPostprocessing = 0;
		};
		5DF216A51FCF060000521416 /* Resources */ = {
			isa = PBXResourcesBuildPhase;
			buildActionMask = 2147483647;
			files = (
			);
			runOnlyForDeploymentPostprocessing = 0;
		};
		5DF216B01FCF060000521416 /* Resources */ = {
			isa = PBXResourcesBuildPhase;
			buildActionMask = 2147483647;
			files = (
			);
			runOnlyForDeploymentPostprocessing = 0;
		};
/* End PBXResourcesBuildPhase section */

/* Begin PBXSourcesBuildPhase section */
		5DF2168B1FCF060000521416 /* Sources */ = {
			isa = PBXSourcesBuildPhase;
			buildActionMask = 2147483647;
			files = (
				5D296F5D1FD3FE8500C816DB /* KOInvoicePrompt.m in Sources */,
				5D296F541FD3EE2800C816DB /* KOInvoiceInfo.m in Sources */,
				5DC18DE11FD374A800207AE0 /* KOInvoicePromptCell.m in Sources */,
				5D296F5A1FD3F4A500C816DB /* KOTradingGoods.m in Sources */,
				5DF216971FCF060000521416 /* ViewController.m in Sources */,
				5D3425301FE6459D006F690F /* KOInvoiceTableHeaderView.m in Sources */,
				5D296F601FD400EA00C816DB /* KOInvoiceConst.m in Sources */,
				5DF216A21FCF060000521416 /* main.m in Sources */,
				5DDE67201FEBE675002BA8A3 /* KOInvoiceSectionItem.m in Sources */,
				5DC18DDE1FD3748300207AE0 /* KOInvoiceDetailCell.m in Sources */,
				5DC18DE41FD3752000207AE0 /* KOInvoiceDetailController.m in Sources */,
				5DF216941FCF060000521416 /* AppDelegate.m in Sources */,
			);
			runOnlyForDeploymentPostprocessing = 0;
		};
		5DF216A31FCF060000521416 /* Sources */ = {
			isa = PBXSourcesBuildPhase;
			buildActionMask = 2147483647;
			files = (
				5DF216AC1FCF060000521416 /* KOInvoiceDisplayTests.m in Sources */,
			);
			runOnlyForDeploymentPostprocessing = 0;
		};
		5DF216AE1FCF060000521416 /* Sources */ = {
			isa = PBXSourcesBuildPhase;
			buildActionMask = 2147483647;
			files = (
				5DF216B71FCF060000521416 /* KOInvoiceDisplayUITests.m in Sources */,
			);
			runOnlyForDeploymentPostprocessing = 0;
		};
/* End PBXSourcesBuildPhase section */

/* Begin PBXTargetDependency section */
		5DF216A91FCF060000521416 /* PBXTargetDependency */ = {
			isa = PBXTargetDependency;
			target = 5DF2168E1FCF060000521416 /* KOInvoiceDisplay */;
			targetProxy = 5DF216A81FCF060000521416 /* PBXContainerItemProxy */;
		};
		5DF216B41FCF060000521416 /* PBXTargetDependency */ = {
			isa = PBXTargetDependency;
			target = 5DF2168E1FCF060000521416 /* KOInvoiceDisplay */;
			targetProxy = 5DF216B31FCF060000521416 /* PBXContainerItemProxy */;
		};
/* End PBXTargetDependency section */

/* Begin PBXVariantGroup section */
		5DF216981FCF060000521416 /* Main.storyboard */ = {
			isa = PBXVariantGroup;
			children = (
				5DF216991FCF060000521416 /* Base */,
			);
			name = Main.storyboard;
			sourceTree = "<group>";
		};
/* End PBXVariantGroup section */

/* Begin XCBuildConfiguration section */
		5DF216B91FCF060000521416 /* Debug */ = {
			isa = XCBuildConfiguration;
			buildSettings = {
				ALWAYS_SEARCH_USER_PATHS = NO;
				CLANG_ANALYZER_NONNULL = YES;
				CLANG_ANALYZER_NUMBER_OBJECT_CONVERSION = YES_AGGRESSIVE;
				CLANG_CXX_LANGUAGE_STANDARD = "gnu++14";
				CLANG_CXX_LIBRARY = "libc++";
				CLANG_ENABLE_MODULES = YES;
				CLANG_ENABLE_OBJC_ARC = YES;
				CLANG_WARN_BLOCK_CAPTURE_AUTORELEASING = YES;
				CLANG_WARN_BOOL_CONVERSION = YES;
				CLANG_WARN_COMMA = YES;
				CLANG_WARN_CONSTANT_CONVERSION = YES;
				CLANG_WARN_DIRECT_OBJC_ISA_USAGE = YES_ERROR;
				CLANG_WARN_DOCUMENTATION_COMMENTS = YES;
				CLANG_WARN_EMPTY_BODY = YES;
				CLANG_WARN_ENUM_CONVERSION = YES;
				CLANG_WARN_INFINITE_RECURSION = YES;
				CLANG_WARN_INT_CONVERSION = YES;
				CLANG_WARN_NON_LITERAL_NULL_CONVERSION = YES;
				CLANG_WARN_OBJC_LITERAL_CONVERSION = YES;
				CLANG_WARN_OBJC_ROOT_CLASS = YES_ERROR;
				CLANG_WARN_RANGE_LOOP_ANALYSIS = YES;
				CLANG_WARN_STRICT_PROTOTYPES = YES;
				CLANG_WARN_SUSPICIOUS_MOVE = YES;
				CLANG_WARN_UNGUARDED_AVAILABILITY = YES_AGGRESSIVE;
				CLANG_WARN_UNREACHABLE_CODE = YES;
				CLANG_WARN__DUPLICATE_METHOD_MATCH = YES;
				CODE_SIGN_IDENTITY = "iPhone Developer";
				COPY_PHASE_STRIP = NO;
				DEBUG_INFORMATION_FORMAT = dwarf;
				ENABLE_STRICT_OBJC_MSGSEND = YES;
				ENABLE_TESTABILITY = YES;
				GCC_C_LANGUAGE_STANDARD = gnu11;
				GCC_DYNAMIC_NO_PIC = NO;
				GCC_NO_COMMON_BLOCKS = YES;
				GCC_OPTIMIZATION_LEVEL = 0;
				GCC_PREPROCESSOR_DEFINITIONS = (
					"DEBUG=1",
					"$(inherited)",
				);
				GCC_WARN_64_TO_32_BIT_CONVERSION = YES;
				GCC_WARN_ABOUT_RETURN_TYPE = YES_ERROR;
				GCC_WARN_UNDECLARED_SELECTOR = YES;
				GCC_WARN_UNINITIALIZED_AUTOS = YES_AGGRESSIVE;
				GCC_WARN_UNUSED_FUNCTION = YES;
				GCC_WARN_UNUSED_VARIABLE = YES;
				IPHONEOS_DEPLOYMENT_TARGET = 8.0;
				MTL_ENABLE_DEBUG_INFO = YES;
				ONLY_ACTIVE_ARCH = YES;
				SDKROOT = iphoneos;
			};
			name = Debug;
		};
		5DF216BA1FCF060000521416 /* Release */ = {
			isa = XCBuildConfiguration;
			buildSettings = {
				ALWAYS_SEARCH_USER_PATHS = NO;
				CLANG_ANALYZER_NONNULL = YES;
				CLANG_ANALYZER_NUMBER_OBJECT_CONVERSION = YES_AGGRESSIVE;
				CLANG_CXX_LANGUAGE_STANDARD = "gnu++14";
				CLANG_CXX_LIBRARY = "libc++";
				CLANG_ENABLE_MODULES = YES;
				CLANG_ENABLE_OBJC_ARC = YES;
				CLANG_WARN_BLOCK_CAPTURE_AUTORELEASING = YES;
				CLANG_WARN_BOOL_CONVERSION = YES;
				CLANG_WARN_COMMA = YES;
				CLANG_WARN_CONSTANT_CONVERSION = YES;
				CLANG_WARN_DIRECT_OBJC_ISA_USAGE = YES_ERROR;
				CLANG_WARN_DOCUMENTATION_COMMENTS = YES;
				CLANG_WARN_EMPTY_BODY = YES;
				CLANG_WARN_ENUM_CONVERSION = YES;
				CLANG_WARN_INFINITE_RECURSION = YES;
				CLANG_WARN_INT_CONVERSION = YES;
				CLANG_WARN_NON_LITERAL_NULL_CONVERSION = YES;
				CLANG_WARN_OBJC_LITERAL_CONVERSION = YES;
				CLANG_WARN_OBJC_ROOT_CLASS = YES_ERROR;
				CLANG_WARN_RANGE_LOOP_ANALYSIS = YES;
				CLANG_WARN_STRICT_PROTOTYPES = YES;
				CLANG_WARN_SUSPICIOUS_MOVE = YES;
				CLANG_WARN_UNGUARDED_AVAILABILITY = YES_AGGRESSIVE;
				CLANG_WARN_UNREACHABLE_CODE = YES;
				CLANG_WARN__DUPLICATE_METHOD_MATCH = YES;
				CODE_SIGN_IDENTITY = "iPhone Developer";
				COPY_PHASE_STRIP = NO;
				DEBUG_INFORMATION_FORMAT = "dwarf-with-dsym";
				ENABLE_NS_ASSERTIONS = NO;
				ENABLE_STRICT_OBJC_MSGSEND = YES;
				GCC_C_LANGUAGE_STANDARD = gnu11;
				GCC_NO_COMMON_BLOCKS = YES;
				GCC_WARN_64_TO_32_BIT_CONVERSION = YES;
				GCC_WARN_ABOUT_RETURN_TYPE = YES_ERROR;
				GCC_WARN_UNDECLARED_SELECTOR = YES;
				GCC_WARN_UNINITIALIZED_AUTOS = YES_AGGRESSIVE;
				GCC_WARN_UNUSED_FUNCTION = YES;
				GCC_WARN_UNUSED_VARIABLE = YES;
				IPHONEOS_DEPLOYMENT_TARGET = 8.0;
				MTL_ENABLE_DEBUG_INFO = NO;
				SDKROOT = iphoneos;
				VALIDATE_PRODUCT = YES;
			};
			name = Release;
		};
		5DF216BC1FCF060000521416 /* Debug */ = {
			isa = XCBuildConfiguration;
			buildSettings = {
				ASSETCATALOG_COMPILER_APPICON_NAME = AppIcon;
				CODE_SIGN_STYLE = Automatic;
				DEVELOPMENT_TEAM = A2TFPRX5C7;
				INFOPLIST_FILE = KOInvoiceDisplay/Info.plist;
				LD_RUNPATH_SEARCH_PATHS = "$(inherited) @executable_path/Frameworks";
				PRODUCT_BUNDLE_IDENTIFIER = com.Korune.KOInvoiceDisplay;
				PRODUCT_NAME = "$(TARGET_NAME)";
				TARGETED_DEVICE_FAMILY = "1,2";
			};
			name = Debug;
		};
		5DF216BD1FCF060000521416 /* Release */ = {
			isa = XCBuildConfiguration;
			buildSettings = {
				ASSETCATALOG_COMPILER_APPICON_NAME = AppIcon;
				CODE_SIGN_STYLE = Automatic;
				DEVELOPMENT_TEAM = A2TFPRX5C7;
				INFOPLIST_FILE = KOInvoiceDisplay/Info.plist;
				LD_RUNPATH_SEARCH_PATHS = "$(inherited) @executable_path/Frameworks";
				PRODUCT_BUNDLE_IDENTIFIER = com.Korune.KOInvoiceDisplay;
				PRODUCT_NAME = "$(TARGET_NAME)";
				TARGETED_DEVICE_FAMILY = "1,2";
			};
			name = Release;
		};
		5DF216BF1FCF060000521416 /* Debug */ = {
			isa = XCBuildConfiguration;
			buildSettings = {
				BUNDLE_LOADER = "$(TEST_HOST)";
				CODE_SIGN_STYLE = Automatic;
				INFOPLIST_FILE = KOInvoiceDisplayTests/Info.plist;
				LD_RUNPATH_SEARCH_PATHS = "$(inherited) @executable_path/Frameworks @loader_path/Frameworks";
				PRODUCT_BUNDLE_IDENTIFIER = com.Korune.KOInvoiceDisplayTests;
				PRODUCT_NAME = "$(TARGET_NAME)";
				TARGETED_DEVICE_FAMILY = "1,2";
				TEST_HOST = "$(BUILT_PRODUCTS_DIR)/KOInvoiceDisplay.app/KOInvoiceDisplay";
			};
			name = Debug;
		};
		5DF216C01FCF060000521416 /* Release */ = {
			isa = XCBuildConfiguration;
			buildSettings = {
				BUNDLE_LOADER = "$(TEST_HOST)";
				CODE_SIGN_STYLE = Automatic;
				INFOPLIST_FILE = KOInvoiceDisplayTests/Info.plist;
				LD_RUNPATH_SEARCH_PATHS = "$(inherited) @executable_path/Frameworks @loader_path/Frameworks";
				PRODUCT_BUNDLE_IDENTIFIER = com.Korune.KOInvoiceDisplayTests;
				PRODUCT_NAME = "$(TARGET_NAME)";
				TARGETED_DEVICE_FAMILY = "1,2";
				TEST_HOST = "$(BUILT_PRODUCTS_DIR)/KOInvoiceDisplay.app/KOInvoiceDisplay";
			};
			name = Release;
		};
		5DF216C21FCF060000521416 /* Debug */ = {
			isa = XCBuildConfiguration;
			buildSettings = {
				CODE_SIGN_STYLE = Automatic;
				INFOPLIST_FILE = KOInvoiceDisplayUITests/Info.plist;
				LD_RUNPATH_SEARCH_PATHS = "$(inherited) @executable_path/Frameworks @loader_path/Frameworks";
				PRODUCT_BUNDLE_IDENTIFIER = com.Korune.KOInvoiceDisplayUITests;
				PRODUCT_NAME = "$(TARGET_NAME)";
				TARGETED_DEVICE_FAMILY = "1,2";
				TEST_TARGET_NAME = KOInvoiceDisplay;
			};
			name = Debug;
		};
		5DF216C31FCF060000521416 /* Release */ = {
			isa = XCBuildConfiguration;
			buildSettings = {
				CODE_SIGN_STYLE = Automatic;
				INFOPLIST_FILE = KOInvoiceDisplayUITests/Info.plist;
				LD_RUNPATH_SEARCH_PATHS = "$(inherited) @executable_path/Frameworks @loader_path/Frameworks";
				PRODUCT_BUNDLE_IDENTIFIER = com.Korune.KOInvoiceDisplayUITests;
				PRODUCT_NAME = "$(TARGET_NAME)";
				TARGETED_DEVICE_FAMILY = "1,2";
				TEST_TARGET_NAME = KOInvoiceDisplay;
			};
			name = Release;
		};
/* End XCBuildConfiguration section */

/* Begin XCConfigurationList section */
		5DF2168A1FCF060000521416 /* Build configuration list for PBXProject "KOInvoiceDisplay" */ = {
			isa = XCConfigurationList;
			buildConfigurations = (
				5DF216B91FCF060000521416 /* Debug */,
				5DF216BA1FCF060000521416 /* Release */,
			);
			defaultConfigurationIsVisible = 0;
			defaultConfigurationName = Release;
		};
		5DF216BB1FCF060000521416 /* Build configuration list for PBXNativeTarget "KOInvoiceDisplay" */ = {
			isa = XCConfigurationList;
			buildConfigurations = (
				5DF216BC1FCF060000521416 /* Debug */,
				5DF216BD1FCF060000521416 /* Release */,
			);
			defaultConfigurationIsVisible = 0;
			defaultConfigurationName = Release;
		};
		5DF216BE1FCF060000521416 /* Build configuration list for PBXNativeTarget "KOInvoiceDisplayTests" */ = {
			isa = XCConfigurationList;
			buildConfigurations = (
				5DF216BF1FCF060000521416 /* Debug */,
				5DF216C01FCF060000521416 /* Release */,
			);
			defaultConfigurationIsVisible = 0;
			defaultConfigurationName = Release;
		};
		5DF216C11FCF060000521416 /* Build configuration list for PBXNativeTarget "KOInvoiceDisplayUITests" */ = {
			isa = XCConfigurationList;
			buildConfigurations = (
				5DF216C21FCF060000521416 /* Debug */,
				5DF216C31FCF060000521416 /* Release */,
			);
			defaultConfigurationIsVisible = 0;
			defaultConfigurationName = Release;
		};
/* End XCConfigurationList section */
	};
	rootObject = 5DF216871FCF060000521416 /* Project object */;
}
